
Microsoft Visual Studio Solution File, Format Version 12.00
# Visual Studio Version 17
VisualStudioVersion = 17.3.32804.467
MinimumVisualStudioVersion = 10.0.40219.1
Project("{FAE04EC0-301F-11D3-BF4B-00C04F79EFBC}") = "UnitTest-Sample", "UnitTest-Sample\UnitTest-Sample.csproj", "{EF74A926-72A1-4C45-8ABA-38F26FCFC49C}"
EndProject
Project("{FAE04EC0-301F-11D3-BF4B-00C04F79EFBC}") = "UnitTest-Sample.Test", "UnitTest-Sample.Test\UnitTest-Sample.Test.csproj", "{0142151C-7692-48E3-824D-C1A6CAECC499}"
EndProject
Global
	GlobalSection(SolutionConfigurationPlatforms) = preSolution
		Debug|Any CPU = Debug|Any CPU
		Release|Any CPU = Release|Any CPU
	EndGlobalSection
	GlobalSection(ProjectConfigurationPlatforms) = postSolution
		{EF74A926-72A1-4C45-8ABA-38F26FCFC49C}.Debug|Any CPU.ActiveCfg = Debug|Any CPU
		{EF74A926-72A1-4C45-8ABA-38F26FCFC49C}.Debug|Any CPU.Build.0 = Debug|Any CPU
		{EF74A926-72A1-4C45-8ABA-38F26FCFC49C}.Release|Any CPU.ActiveCfg = Release|Any CPU
		{EF74A926-72A1-4C45-8ABA-38F26FCFC49C}.Release|Any CPU.Build.0 = Release|Any CPU
		{0142151C-7692-48E3-824D-C1A6CAECC499}.Debug|Any CPU.ActiveCfg = Debug|Any CPU
		{0142151C-7692-48E3-824D-C1A6CAECC499}.Debug|Any CPU.Build.0 = Debug|Any CPU
		{0142151C-7692-48E3-824D-C1A6CAECC499}.Release|Any CPU.ActiveCfg = Release|Any CPU
		{0142151C-7692-48E3-824D-C1A6CAECC499}.Release|Any CPU.Build.0 = Release|Any CPU
	EndGlobalSection
	GlobalSection(SolutionProperties) = preSolution
		HideSolutionNode = FALSE
	EndGlobalSection
	GlobalSection(ExtensibilityGlobals) = postSolution
		SolutionGuid = {FB59FF0C-BFBB-4D06-A8AE-41A27F073E01}
	EndGlobalSection
EndGlobal
